// !$*UTF8*$!
{
	archiveVersion = 1;
	classes = {
	};
	objectVersion = 56;
	objects = {

/* Begin PBXBuildFile section */
		9FA16B762C78E95900A83CC6 /* AppDelegate.swift in Sources */ = {isa = PBXBuildFile; fileRef = 9FA16B752C78E95900A83CC6 /* AppDelegate.swift */; };
		9FA16B782C78E95900A83CC6 /* SceneDelegate.swift in Sources */ = {isa = PBXBuildFile; fileRef = 9FA16B772C78E95900A83CC6 /* SceneDelegate.swift */; };
		9FA16B7A2C78E95900A83CC6 /* ViewController.swift in Sources */ = {isa = PBXBuildFile; fileRef = 9FA16B792C78E95900A83CC6 /* ViewController.swift */; };
		9FA16B7F2C78E95B00A83CC6 /* Assets.xcassets in Resources */ = {isa = PBXBuildFile; fileRef = 9FA16B7E2C78E95B00A83CC6 /* Assets.xcassets */; };
		9FA16B822C78E95B00A83CC6 /* LaunchScreen.storyboard in Resources */ = {isa = PBXBuildFile; fileRef = 9FA16B802C78E95B00A83CC6 /* LaunchScreen.storyboard */; };
		9FA16B8A2C78F20300A83CC6 /* UIColor+Extension.swift in Sources */ = {isa = PBXBuildFile; fileRef = 9FA16B892C78F20300A83CC6 /* UIColor+Extension.swift */; };
		9FA16B8C2C78F22200A83CC6 /* AppColor.swift in Sources */ = {isa = PBXBuildFile; fileRef = 9FA16B8B2C78F22200A83CC6 /* AppColor.swift */; };
		9FA16B8F2C78F9D900A83CC6 /* Network.swift in Sources */ = {isa = PBXBuildFile; fileRef = 9FA16B8E2C78F9D900A83CC6 /* Network.swift */; };
		9FA16B932C7A715A00A83CC6 /* Coordinator.swift in Sources */ = {isa = PBXBuildFile; fileRef = 9FA16B922C7A715A00A83CC6 /* Coordinator.swift */; };
		9FA16B952C7A76B800A83CC6 /* AppCoordinator.swift in Sources */ = {isa = PBXBuildFile; fileRef = 9FA16B942C7A76B800A83CC6 /* AppCoordinator.swift */; };
		9FA16B982C7A7A2100A83CC6 /* TabBarController.swift in Sources */ = {isa = PBXBuildFile; fileRef = 9FA16B972C7A7A2100A83CC6 /* TabBarController.swift */; };
		9FA16B9A2C7A7C4B00A83CC6 /* MainCoordinator.swift in Sources */ = {isa = PBXBuildFile; fileRef = 9FA16B992C7A7C4B00A83CC6 /* MainCoordinator.swift */; };
		9FA16B9C2C7A7CE500A83CC6 /* RequestsCoordinator.swift in Sources */ = {isa = PBXBuildFile; fileRef = 9FA16B9B2C7A7CE500A83CC6 /* RequestsCoordinator.swift */; };
		9FA16B9E2C7A7CFC00A83CC6 /* ServicesCoordinator.swift in Sources */ = {isa = PBXBuildFile; fileRef = 9FA16B9D2C7A7CFC00A83CC6 /* ServicesCoordinator.swift */; };
		9FA16BA02C7A7D1600A83CC6 /* ChatCoordinator.swift in Sources */ = {isa = PBXBuildFile; fileRef = 9FA16B9F2C7A7D1600A83CC6 /* ChatCoordinator.swift */; };
		9FA16BA22C7A7D2A00A83CC6 /* ContactsCoordinator.swift in Sources */ = {isa = PBXBuildFile; fileRef = 9FA16BA12C7A7D2A00A83CC6 /* ContactsCoordinator.swift */; };
		9FA16BA62C7F735100A83CC6 /* LoginViewController.swift in Sources */ = {isa = PBXBuildFile; fileRef = 9FA16BA52C7F735100A83CC6 /* LoginViewController.swift */; };
		9FA16BAA2C7F796400A83CC6 /* RozentalButton.swift in Sources */ = {isa = PBXBuildFile; fileRef = 9FA16BA92C7F796400A83CC6 /* RozentalButton.swift */; };
		9FA16BAC2C7F87B500A83CC6 /* LoginCoordinator.swift in Sources */ = {isa = PBXBuildFile; fileRef = 9FA16BAB2C7F87B500A83CC6 /* LoginCoordinator.swift */; };
		9FA16BAE2C80C18E00A83CC6 /* RozentalTextField.swift in Sources */ = {isa = PBXBuildFile; fileRef = 9FA16BAD2C80C18D00A83CC6 /* RozentalTextField.swift */; };
		9FA16BB12C811F1B00A83CC6 /* LoginPresenter.swift in Sources */ = {isa = PBXBuildFile; fileRef = 9FA16BB02C811F1B00A83CC6 /* LoginPresenter.swift */; };
		9FA16BB52C82401A00A83CC6 /* MainViewController.swift in Sources */ = {isa = PBXBuildFile; fileRef = 9FA16BB42C82401A00A83CC6 /* MainViewController.swift */; };
		9FA16BB82C82556400A83CC6 /* NotificationButton.swift in Sources */ = {isa = PBXBuildFile; fileRef = 9FA16BB72C82556400A83CC6 /* NotificationButton.swift */; };
		9FA16BBA2C8385FD00A83CC6 /* BillButton.swift in Sources */ = {isa = PBXBuildFile; fileRef = 9FA16BB92C8385FC00A83CC6 /* BillButton.swift */; };
		9FA16BBE2C84841900A83CC6 /* ServiceCollectionCell.swift in Sources */ = {isa = PBXBuildFile; fileRef = 9FA16BBD2C84841900A83CC6 /* ServiceCollectionCell.swift */; };
		9FA16BC02C84968D00A83CC6 /* SquareButton.swift in Sources */ = {isa = PBXBuildFile; fileRef = 9FA16BBF2C84968D00A83CC6 /* SquareButton.swift */; };
		9FA16BE62C84E20900A83CC6 /* ServerModel.swift in Sources */ = {isa = PBXBuildFile; fileRef = 9FA16BE52C84E20900A83CC6 /* ServerModel.swift */; };
		9FA16BEC2C851B7500A83CC6 /* UserStorage.swift in Sources */ = {isa = PBXBuildFile; fileRef = 9FA16BEB2C851B7500A83CC6 /* UserStorage.swift */; };
/* End PBXBuildFile section */

/* Begin PBXFileReference section */
		9FA16B722C78E95900A83CC6 /* RozentalTest.app */ = {isa = PBXFileReference; explicitFileType = wrapper.application; includeInIndex = 0; path = RozentalTest.app; sourceTree = BUILT_PRODUCTS_DIR; };
		9FA16B752C78E95900A83CC6 /* AppDelegate.swift */ = {isa = PBXFileReference; lastKnownFileType = sourcecode.swift; path = AppDelegate.swift; sourceTree = "<group>"; };
		9FA16B772C78E95900A83CC6 /* SceneDelegate.swift */ = {isa = PBXFileReference; lastKnownFileType = sourcecode.swift; path = SceneDelegate.swift; sourceTree = "<group>"; };
		9FA16B792C78E95900A83CC6 /* ViewController.swift */ = {isa = PBXFileReference; lastKnownFileType = sourcecode.swift; path = ViewController.swift; sourceTree = "<group>"; };
		9FA16B7E2C78E95B00A83CC6 /* Assets.xcassets */ = {isa = PBXFileReference; lastKnownFileType = folder.assetcatalog; path = Assets.xcassets; sourceTree = "<group>"; };
		9FA16B812C78E95B00A83CC6 /* Base */ = {isa = PBXFileReference; lastKnownFileType = file.storyboard; name = Base; path = Base.lproj/LaunchScreen.storyboard; sourceTree = "<group>"; };
		9FA16B832C78E95B00A83CC6 /* Info.plist */ = {isa = PBXFileReference; lastKnownFileType = text.plist.xml; path = Info.plist; sourceTree = "<group>"; };
		9FA16B892C78F20300A83CC6 /* UIColor+Extension.swift */ = {isa = PBXFileReference; lastKnownFileType = sourcecode.swift; path = "UIColor+Extension.swift"; sourceTree = "<group>"; };
		9FA16B8B2C78F22200A83CC6 /* AppColor.swift */ = {isa = PBXFileReference; lastKnownFileType = sourcecode.swift; path = AppColor.swift; sourceTree = "<group>"; };
		9FA16B8E2C78F9D900A83CC6 /* Network.swift */ = {isa = PBXFileReference; lastKnownFileType = sourcecode.swift; path = Network.swift; sourceTree = "<group>"; };
		9FA16B922C7A715A00A83CC6 /* Coordinator.swift */ = {isa = PBXFileReference; lastKnownFileType = sourcecode.swift; path = Coordinator.swift; sourceTree = "<group>"; };
		9FA16B942C7A76B800A83CC6 /* AppCoordinator.swift */ = {isa = PBXFileReference; lastKnownFileType = sourcecode.swift; path = AppCoordinator.swift; sourceTree = "<group>"; };
		9FA16B972C7A7A2100A83CC6 /* TabBarController.swift */ = {isa = PBXFileReference; lastKnownFileType = sourcecode.swift; path = TabBarController.swift; sourceTree = "<group>"; };
		9FA16B992C7A7C4B00A83CC6 /* MainCoordinator.swift */ = {isa = PBXFileReference; lastKnownFileType = sourcecode.swift; path = MainCoordinator.swift; sourceTree = "<group>"; };
		9FA16B9B2C7A7CE500A83CC6 /* RequestsCoordinator.swift */ = {isa = PBXFileReference; lastKnownFileType = sourcecode.swift; path = RequestsCoordinator.swift; sourceTree = "<group>"; };
		9FA16B9D2C7A7CFC00A83CC6 /* ServicesCoordinator.swift */ = {isa = PBXFileReference; lastKnownFileType = sourcecode.swift; path = ServicesCoordinator.swift; sourceTree = "<group>"; };
		9FA16B9F2C7A7D1600A83CC6 /* ChatCoordinator.swift */ = {isa = PBXFileReference; lastKnownFileType = sourcecode.swift; path = ChatCoordinator.swift; sourceTree = "<group>"; };
		9FA16BA12C7A7D2A00A83CC6 /* ContactsCoordinator.swift */ = {isa = PBXFileReference; lastKnownFileType = sourcecode.swift; path = ContactsCoordinator.swift; sourceTree = "<group>"; };
		9FA16BA52C7F735100A83CC6 /* LoginViewController.swift */ = {isa = PBXFileReference; lastKnownFileType = sourcecode.swift; path = LoginViewController.swift; sourceTree = "<group>"; };
		9FA16BA92C7F796400A83CC6 /* RozentalButton.swift */ = {isa = PBXFileReference; lastKnownFileType = sourcecode.swift; path = RozentalButton.swift; sourceTree = "<group>"; };
		9FA16BAB2C7F87B500A83CC6 /* LoginCoordinator.swift */ = {isa = PBXFileReference; lastKnownFileType = sourcecode.swift; path = LoginCoordinator.swift; sourceTree = "<group>"; };
		9FA16BAD2C80C18D00A83CC6 /* RozentalTextField.swift */ = {isa = PBXFileReference; lastKnownFileType = sourcecode.swift; path = RozentalTextField.swift; sourceTree = "<group>"; };
		9FA16BB02C811F1B00A83CC6 /* LoginPresenter.swift */ = {isa = PBXFileReference; lastKnownFileType = sourcecode.swift; path = LoginPresenter.swift; sourceTree = "<group>"; };
		9FA16BB42C82401A00A83CC6 /* MainViewController.swift */ = {isa = PBXFileReference; lastKnownFileType = sourcecode.swift; path = MainViewController.swift; sourceTree = "<group>"; };
		9FA16BB72C82556400A83CC6 /* NotificationButton.swift */ = {isa = PBXFileReference; lastKnownFileType = sourcecode.swift; path = NotificationButton.swift; sourceTree = "<group>"; };
		9FA16BB92C8385FC00A83CC6 /* BillButton.swift */ = {isa = PBXFileReference; lastKnownFileType = sourcecode.swift; path = BillButton.swift; sourceTree = "<group>"; };
		9FA16BBD2C84841900A83CC6 /* ServiceCollectionCell.swift */ = {isa = PBXFileReference; lastKnownFileType = sourcecode.swift; path = ServiceCollectionCell.swift; sourceTree = "<group>"; };
		9FA16BBF2C84968D00A83CC6 /* SquareButton.swift */ = {isa = PBXFileReference; lastKnownFileType = sourcecode.swift; path = SquareButton.swift; sourceTree = "<group>"; };
		9FA16BE52C84E20900A83CC6 /* ServerModel.swift */ = {isa = PBXFileReference; lastKnownFileType = sourcecode.swift; path = ServerModel.swift; sourceTree = "<group>"; };
		9FA16BEB2C851B7500A83CC6 /* UserStorage.swift */ = {isa = PBXFileReference; lastKnownFileType = sourcecode.swift; path = UserStorage.swift; sourceTree = "<group>"; };
/* End PBXFileReference section */

/* Begin PBXFrameworksBuildPhase section */
		9FA16B6F2C78E95900A83CC6 /* Frameworks */ = {
			isa = PBXFrameworksBuildPhase;
			buildActionMask = 2147483647;
			files = (
			);
			runOnlyForDeploymentPostprocessing = 0;
		};
/* End PBXFrameworksBuildPhase section */

/* Begin PBXGroup section */
		9FA16B692C78E95900A83CC6 = {
			isa = PBXGroup;
			children = (
				9FA16B742C78E95900A83CC6 /* RozentalTest */,
				9FA16B732C78E95900A83CC6 /* Products */,
			);
			sourceTree = "<group>";
		};
		9FA16B732C78E95900A83CC6 /* Products */ = {
			isa = PBXGroup;
			children = (
				9FA16B722C78E95900A83CC6 /* RozentalTest.app */,
			);
			name = Products;
			sourceTree = "<group>";
		};
		9FA16B742C78E95900A83CC6 /* RozentalTest */ = {
			isa = PBXGroup;
			children = (
				9FA16BEA2C851B5C00A83CC6 /* ServicesLayer */,
				9FA16BA32C7F72F400A83CC6 /* UILayer */,
				9FA16B902C7A6F7700A83CC6 /* NavigationLayer */,
				9FA16B8D2C78F35900A83CC6 /* Resourses */,
				9FA16BE42C84E1E400A83CC6 /* NetworkLayer */,
				9FA16B752C78E95900A83CC6 /* AppDelegate.swift */,
				9FA16B772C78E95900A83CC6 /* SceneDelegate.swift */,
				9FA16B792C78E95900A83CC6 /* ViewController.swift */,
				9FA16B7E2C78E95B00A83CC6 /* Assets.xcassets */,
				9FA16B802C78E95B00A83CC6 /* LaunchScreen.storyboard */,
				9FA16B832C78E95B00A83CC6 /* Info.plist */,
			);
			path = RozentalTest;
			sourceTree = "<group>";
		};
		9FA16B8D2C78F35900A83CC6 /* Resourses */ = {
			isa = PBXGroup;
			children = (
				9FA16B892C78F20300A83CC6 /* UIColor+Extension.swift */,
				9FA16B8B2C78F22200A83CC6 /* AppColor.swift */,
			);
			path = Resourses;
			sourceTree = "<group>";
		};
		9FA16B902C7A6F7700A83CC6 /* NavigationLayer */ = {
			isa = PBXGroup;
			children = (
				9FA16B962C7A7A0300A83CC6 /* Controllers */,
				9FA16B912C7A713D00A83CC6 /* Coordinators */,
			);
			path = NavigationLayer;
			sourceTree = "<group>";
		};
		9FA16B912C7A713D00A83CC6 /* Coordinators */ = {
			isa = PBXGroup;
			children = (
				9FA16B922C7A715A00A83CC6 /* Coordinator.swift */,
				9FA16B942C7A76B800A83CC6 /* AppCoordinator.swift */,
				9FA16BAB2C7F87B500A83CC6 /* LoginCoordinator.swift */,
				9FA16B992C7A7C4B00A83CC6 /* MainCoordinator.swift */,
				9FA16B9B2C7A7CE500A83CC6 /* RequestsCoordinator.swift */,
				9FA16B9D2C7A7CFC00A83CC6 /* ServicesCoordinator.swift */,
				9FA16B9F2C7A7D1600A83CC6 /* ChatCoordinator.swift */,
				9FA16BA12C7A7D2A00A83CC6 /* ContactsCoordinator.swift */,
			);
			path = Coordinators;
			sourceTree = "<group>";
		};
		9FA16B962C7A7A0300A83CC6 /* Controllers */ = {
			isa = PBXGroup;
			children = (
				9FA16B972C7A7A2100A83CC6 /* TabBarController.swift */,
			);
			path = Controllers;
			sourceTree = "<group>";
		};
		9FA16BA32C7F72F400A83CC6 /* UILayer */ = {
			isa = PBXGroup;
			children = (
				9FA16BB22C823FF900A83CC6 /* MainScene */,
				9FA16BA42C7F730700A83CC6 /* AuthScene */,
				9FA16BA82C7F789E00A83CC6 /* Views */,
			);
			path = UILayer;
			sourceTree = "<group>";
		};
		9FA16BA42C7F730700A83CC6 /* AuthScene */ = {
			isa = PBXGroup;
			children = (
				9FA16BC12C84A20800A83CC6 /* Views */,
				9FA16BAF2C811EFB00A83CC6 /* Presenter */,
				9FA16BA72C7F788B00A83CC6 /* Controllers */,
			);
			path = AuthScene;
			sourceTree = "<group>";
		};
		9FA16BA72C7F788B00A83CC6 /* Controllers */ = {
			isa = PBXGroup;
			children = (
				9FA16BA52C7F735100A83CC6 /* LoginViewController.swift */,
			);
			path = Controllers;
			sourceTree = "<group>";
		};
		9FA16BA82C7F789E00A83CC6 /* Views */ = {
			isa = PBXGroup;
			children = (
				9FA16BA92C7F796400A83CC6 /* RozentalButton.swift */,
			);
			path = Views;
			sourceTree = "<group>";
		};
		9FA16BAF2C811EFB00A83CC6 /* Presenter */ = {
			isa = PBXGroup;
			children = (
				9FA16BB02C811F1B00A83CC6 /* LoginPresenter.swift */,
			);
			path = Presenter;
			sourceTree = "<group>";
		};
		9FA16BB22C823FF900A83CC6 /* MainScene */ = {
			isa = PBXGroup;
			children = (
				9FA16BB32C82400800A83CC6 /* Controllers */,
				9FA16BB62C82552F00A83CC6 /* Views */,
			);
			path = MainScene;
			sourceTree = "<group>";
		};
		9FA16BB32C82400800A83CC6 /* Controllers */ = {
			isa = PBXGroup;
			children = (
				9FA16BB42C82401A00A83CC6 /* MainViewController.swift */,
			);
			path = Controllers;
			sourceTree = "<group>";
		};
		9FA16BB62C82552F00A83CC6 /* Views */ = {
			isa = PBXGroup;
			children = (
				9FA16BB72C82556400A83CC6 /* NotificationButton.swift */,
				9FA16BBD2C84841900A83CC6 /* ServiceCollectionCell.swift */,
				9FA16BB92C8385FC00A83CC6 /* BillButton.swift */,
				9FA16BBF2C84968D00A83CC6 /* SquareButton.swift */,
			);
			path = Views;
			sourceTree = "<group>";
		};
		9FA16BC12C84A20800A83CC6 /* Views */ = {
			isa = PBXGroup;
			children = (
				9FA16BAD2C80C18D00A83CC6 /* RozentalTextField.swift */,
			);
			path = Views;
			sourceTree = "<group>";
		};
		9FA16BE42C84E1E400A83CC6 /* NetworkLayer */ = {
			isa = PBXGroup;
			children = (
				9FA16B8E2C78F9D900A83CC6 /* Network.swift */,
				9FA16BE52C84E20900A83CC6 /* ServerModel.swift */,
			);
			path = NetworkLayer;
			sourceTree = "<group>";
		};
		9FA16BEA2C851B5C00A83CC6 /* ServicesLayer */ = {
			isa = PBXGroup;
			children = (
				9FA16BEB2C851B7500A83CC6 /* UserStorage.swift */,
			);
			path = ServicesLayer;
			sourceTree = "<group>";
		};
/* End PBXGroup section */

/* Begin PBXNativeTarget section */
		9FA16B712C78E95900A83CC6 /* RozentalTest */ = {
			isa = PBXNativeTarget;
			buildConfigurationList = 9FA16B862C78E95B00A83CC6 /* Build configuration list for PBXNativeTarget "RozentalTest" */;
			buildPhases = (
				9FA16B6E2C78E95900A83CC6 /* Sources */,
				9FA16B6F2C78E95900A83CC6 /* Frameworks */,
				9FA16B702C78E95900A83CC6 /* Resources */,
			);
			buildRules = (
			);
			dependencies = (
			);
			name = RozentalTest;
			productName = RozentalTest;
			productReference = 9FA16B722C78E95900A83CC6 /* RozentalTest.app */;
			productType = "com.apple.product-type.application";
		};
/* End PBXNativeTarget section */

/* Begin PBXProject section */
		9FA16B6A2C78E95900A83CC6 /* Project object */ = {
			isa = PBXProject;
			attributes = {
				BuildIndependentTargetsInParallel = 1;
				LastSwiftUpdateCheck = 1520;
				LastUpgradeCheck = 1520;
				TargetAttributes = {
					9FA16B712C78E95900A83CC6 = {
						CreatedOnToolsVersion = 15.2;
					};
				};
			};
			buildConfigurationList = 9FA16B6D2C78E95900A83CC6 /* Build configuration list for PBXProject "RozentalTest" */;
			compatibilityVersion = "Xcode 14.0";
			developmentRegion = en;
			hasScannedForEncodings = 0;
			knownRegions = (
				en,
				Base,
			);
			mainGroup = 9FA16B692C78E95900A83CC6;
			productRefGroup = 9FA16B732C78E95900A83CC6 /* Products */;
			projectDirPath = "";
			projectRoot = "";
			targets = (
				9FA16B712C78E95900A83CC6 /* RozentalTest */,
			);
		};
/* End PBXProject section */

/* Begin PBXResourcesBuildPhase section */
		9FA16B702C78E95900A83CC6 /* Resources */ = {
			isa = PBXResourcesBuildPhase;
			buildActionMask = 2147483647;
			files = (
				9FA16B822C78E95B00A83CC6 /* LaunchScreen.storyboard in Resources */,
				9FA16B7F2C78E95B00A83CC6 /* Assets.xcassets in Resources */,
			);
			runOnlyForDeploymentPostprocessing = 0;
		};
/* End PBXResourcesBuildPhase section */

/* Begin PBXSourcesBuildPhase section */
		9FA16B6E2C78E95900A83CC6 /* Sources */ = {
			isa = PBXSourcesBuildPhase;
			buildActionMask = 2147483647;
			files = (
				9FA16BAC2C7F87B500A83CC6 /* LoginCoordinator.swift in Sources */,
				9FA16B7A2C78E95900A83CC6 /* ViewController.swift in Sources */,
				9FA16BC02C84968D00A83CC6 /* SquareButton.swift in Sources */,
				9FA16BAE2C80C18E00A83CC6 /* RozentalTextField.swift in Sources */,
				9FA16B8C2C78F22200A83CC6 /* AppColor.swift in Sources */,
				9FA16BBE2C84841900A83CC6 /* ServiceCollectionCell.swift in Sources */,
				9FA16BB12C811F1B00A83CC6 /* LoginPresenter.swift in Sources */,
				9FA16B9C2C7A7CE500A83CC6 /* RequestsCoordinator.swift in Sources */,
				9FA16BA62C7F735100A83CC6 /* LoginViewController.swift in Sources */,
				9FA16BA22C7A7D2A00A83CC6 /* ContactsCoordinator.swift in Sources */,
				9FA16BBA2C8385FD00A83CC6 /* BillButton.swift in Sources */,
				9FA16B762C78E95900A83CC6 /* AppDelegate.swift in Sources */,
				9FA16BE62C84E20900A83CC6 /* ServerModel.swift in Sources */,
				9FA16B9A2C7A7C4B00A83CC6 /* MainCoordinator.swift in Sources */,
				9FA16BEC2C851B7500A83CC6 /* UserStorage.swift in Sources */,
				9FA16B982C7A7A2100A83CC6 /* TabBarController.swift in Sources */,
				9FA16B782C78E95900A83CC6 /* SceneDelegate.swift in Sources */,
				9FA16B952C7A76B800A83CC6 /* AppCoordinator.swift in Sources */,
				9FA16BAA2C7F796400A83CC6 /* RozentalButton.swift in Sources */,
				9FA16B9E2C7A7CFC00A83CC6 /* ServicesCoordinator.swift in Sources */,
				9FA16B8F2C78F9D900A83CC6 /* Network.swift in Sources */,
				9FA16B8A2C78F20300A83CC6 /* UIColor+Extension.swift in Sources */,
				9FA16B932C7A715A00A83CC6 /* Coordinator.swift in Sources */,
				9FA16BB82C82556400A83CC6 /* NotificationButton.swift in Sources */,
				9FA16BA02C7A7D1600A83CC6 /* ChatCoordinator.swift in Sources */,
				9FA16BB52C82401A00A83CC6 /* MainViewController.swift in Sources */,
			);
			runOnlyForDeploymentPostprocessing = 0;
		};
/* End PBXSourcesBuildPhase section */

/* Begin PBXVariantGroup section */
		9FA16B802C78E95B00A83CC6 /* LaunchScreen.storyboard */ = {
			isa = PBXVariantGroup;
			children = (
				9FA16B812C78E95B00A83CC6 /* Base */,
			);
			name = LaunchScreen.storyboard;
			sourceTree = "<group>";
		};
/* End PBXVariantGroup section */

/* Begin XCBuildConfiguration section */
		9FA16B842C78E95B00A83CC6 /* Debug */ = {
			isa = XCBuildConfiguration;
			buildSettings = {
				ALWAYS_SEARCH_USER_PATHS = NO;
				ASSETCATALOG_COMPILER_GENERATE_SWIFT_ASSET_SYMBOL_EXTENSIONS = YES;
				CLANG_ANALYZER_NONNULL = YES;
				CLANG_ANALYZER_NUMBER_OBJECT_CONVERSION = YES_AGGRESSIVE;
				CLANG_CXX_LANGUAGE_STANDARD = "gnu++20";
				CLANG_ENABLE_MODULES = YES;
				CLANG_ENABLE_OBJC_ARC = YES;
				CLANG_ENABLE_OBJC_WEAK = YES;
				CLANG_WARN_BLOCK_CAPTURE_AUTORELEASING = YES;
				CLANG_WARN_BOOL_CONVERSION = YES;
				CLANG_WARN_COMMA = YES;
				CLANG_WARN_CONSTANT_CONVERSION = YES;
				CLANG_WARN_DEPRECATED_OBJC_IMPLEMENTATIONS = YES;
				CLANG_WARN_DIRECT_OBJC_ISA_USAGE = YES_ERROR;
				CLANG_WARN_DOCUMENTATION_COMMENTS = YES;
				CLANG_WARN_EMPTY_BODY = YES;
				CLANG_WARN_ENUM_CONVERSION = YES;
				CLANG_WARN_INFINITE_RECURSION = YES;
				CLANG_WARN_INT_CONVERSION = YES;
				CLANG_WARN_NON_LITERAL_NULL_CONVERSION = YES;
				CLANG_WARN_OBJC_IMPLICIT_RETAIN_SELF = YES;
				CLANG_WARN_OBJC_LITERAL_CONVERSION = YES;
				CLANG_WARN_OBJC_ROOT_CLASS = YES_ERROR;
				CLANG_WARN_QUOTED_INCLUDE_IN_FRAMEWORK_HEADER = YES;
				CLANG_WARN_RANGE_LOOP_ANALYSIS = YES;
				CLANG_WARN_STRICT_PROTOTYPES = YES;
				CLANG_WARN_SUSPICIOUS_MOVE = YES;
				CLANG_WARN_UNGUARDED_AVAILABILITY = YES_AGGRESSIVE;
				CLANG_WARN_UNREACHABLE_CODE = YES;
				CLANG_WARN__DUPLICATE_METHOD_MATCH = YES;
				COPY_PHASE_STRIP = NO;
				DEBUG_INFORMATION_FORMAT = dwarf;
				ENABLE_STRICT_OBJC_MSGSEND = YES;
				ENABLE_TESTABILITY = YES;
				ENABLE_USER_SCRIPT_SANDBOXING = YES;
				GCC_C_LANGUAGE_STANDARD = gnu17;
				GCC_DYNAMIC_NO_PIC = NO;
				GCC_NO_COMMON_BLOCKS = YES;
				GCC_OPTIMIZATION_LEVEL = 0;
				GCC_PREPROCESSOR_DEFINITIONS = (
					"DEBUG=1",
					"$(inherited)",
				);
				GCC_WARN_64_TO_32_BIT_CONVERSION = YES;
				GCC_WARN_ABOUT_RETURN_TYPE = YES_ERROR;
				GCC_WARN_UNDECLARED_SELECTOR = YES;
				GCC_WARN_UNINITIALIZED_AUTOS = YES_AGGRESSIVE;
				GCC_WARN_UNUSED_FUNCTION = YES;
				GCC_WARN_UNUSED_VARIABLE = YES;
				IPHONEOS_DEPLOYMENT_TARGET = 17.0;
				LOCALIZATION_PREFERS_STRING_CATALOGS = YES;
				MTL_ENABLE_DEBUG_INFO = INCLUDE_SOURCE;
				MTL_FAST_MATH = YES;
				ONLY_ACTIVE_ARCH = YES;
				SDKROOT = iphoneos;
				SWIFT_ACTIVE_COMPILATION_CONDITIONS = "DEBUG $(inherited)";
				SWIFT_OPTIMIZATION_LEVEL = "-Onone";
			};
			name = Debug;
		};
		9FA16B852C78E95B00A83CC6 /* Release */ = {
			isa = XCBuildConfiguration;
			buildSettings = {
				ALWAYS_SEARCH_USER_PATHS = NO;
				ASSETCATALOG_COMPILER_GENERATE_SWIFT_ASSET_SYMBOL_EXTENSIONS = YES;
				CLANG_ANALYZER_NONNULL = YES;
				CLANG_ANALYZER_NUMBER_OBJECT_CONVERSION = YES_AGGRESSIVE;
				CLANG_CXX_LANGUAGE_STANDARD = "gnu++20";
				CLANG_ENABLE_MODULES = YES;
				CLANG_ENABLE_OBJC_ARC = YES;
				CLANG_ENABLE_OBJC_WEAK = YES;
				CLANG_WARN_BLOCK_CAPTURE_AUTORELEASING = YES;
				CLANG_WARN_BOOL_CONVERSION = YES;
				CLANG_WARN_COMMA = YES;
				CLANG_WARN_CONSTANT_CONVERSION = YES;
				CLANG_WARN_DEPRECATED_OBJC_IMPLEMENTATIONS = YES;
				CLANG_WARN_DIRECT_OBJC_ISA_USAGE = YES_ERROR;
				CLANG_WARN_DOCUMENTATION_COMMENTS = YES;
				CLANG_WARN_EMPTY_BODY = YES;
				CLANG_WARN_ENUM_CONVERSION = YES;
				CLANG_WARN_INFINITE_RECURSION = YES;
				CLANG_WARN_INT_CONVERSION = YES;
				CLANG_WARN_NON_LITERAL_NULL_CONVERSION = YES;
				CLANG_WARN_OBJC_IMPLICIT_RETAIN_SELF = YES;
				CLANG_WARN_OBJC_LITERAL_CONVERSION = YES;
				CLANG_WARN_OBJC_ROOT_CLASS = YES_ERROR;
				CLANG_WARN_QUOTED_INCLUDE_IN_FRAMEWORK_HEADER = YES;
				CLANG_WARN_RANGE_LOOP_ANALYSIS = YES;
				CLANG_WARN_STRICT_PROTOTYPES = YES;
				CLANG_WARN_SUSPICIOUS_MOVE = YES;
				CLANG_WARN_UNGUARDED_AVAILABILITY = YES_AGGRESSIVE;
				CLANG_WARN_UNREACHABLE_CODE = YES;
				CLANG_WARN__DUPLICATE_METHOD_MATCH = YES;
				COPY_PHASE_STRIP = NO;
				DEBUG_INFORMATION_FORMAT = "dwarf-with-dsym";
				ENABLE_NS_ASSERTIONS = NO;
				ENABLE_STRICT_OBJC_MSGSEND = YES;
				ENABLE_USER_SCRIPT_SANDBOXING = YES;
				GCC_C_LANGUAGE_STANDARD = gnu17;
				GCC_NO_COMMON_BLOCKS = YES;
				GCC_WARN_64_TO_32_BIT_CONVERSION = YES;
				GCC_WARN_ABOUT_RETURN_TYPE = YES_ERROR;
				GCC_WARN_UNDECLARED_SELECTOR = YES;
				GCC_WARN_UNINITIALIZED_AUTOS = YES_AGGRESSIVE;
				GCC_WARN_UNUSED_FUNCTION = YES;
				GCC_WARN_UNUSED_VARIABLE = YES;
				IPHONEOS_DEPLOYMENT_TARGET = 17.0;
				LOCALIZATION_PREFERS_STRING_CATALOGS = YES;
				MTL_ENABLE_DEBUG_INFO = NO;
				MTL_FAST_MATH = YES;
				SDKROOT = iphoneos;
				SWIFT_COMPILATION_MODE = wholemodule;
				VALIDATE_PRODUCT = YES;
			};
			name = Release;
		};
		9FA16B872C78E95B00A83CC6 /* Debug */ = {
			isa = XCBuildConfiguration;
			buildSettings = {
				ASSETCATALOG_COMPILER_APPICON_NAME = AppIcon;
				ASSETCATALOG_COMPILER_GLOBAL_ACCENT_COLOR_NAME = AccentColor;
				CODE_SIGN_STYLE = Automatic;
				CURRENT_PROJECT_VERSION = 1;
				DEVELOPMENT_TEAM = 2HX4FTCT29;
				GENERATE_INFOPLIST_FILE = YES;
				INFOPLIST_FILE = RozentalTest/Info.plist;
				INFOPLIST_KEY_UIApplicationSupportsIndirectInputEvents = YES;
				INFOPLIST_KEY_UILaunchStoryboardName = LaunchScreen;
				INFOPLIST_KEY_UISupportedInterfaceOrientations = UIInterfaceOrientationPortrait;
				INFOPLIST_KEY_UISupportedInterfaceOrientations_iPad = "UIInterfaceOrientationLandscapeLeft UIInterfaceOrientationLandscapeRight UIInterfaceOrientationPortrait UIInterfaceOrientationPortraitUpsideDown";
				IPHONEOS_DEPLOYMENT_TARGET = 17.0;
				LD_RUNPATH_SEARCH_PATHS = (
					"$(inherited)",
					"@executable_path/Frameworks",
				);
				MARKETING_VERSION = 1.0;
				PRODUCT_BUNDLE_IDENTIFIER = Kovryzhenko.RozentalTest;
				PRODUCT_NAME = "$(TARGET_NAME)";
				SUPPORTED_PLATFORMS = "iphoneos iphonesimulator";
				SUPPORTS_MACCATALYST = NO;
				SUPPORTS_MAC_DESIGNED_FOR_IPHONE_IPAD = NO;
				SUPPORTS_XR_DESIGNED_FOR_IPHONE_IPAD = NO;
				SWIFT_EMIT_LOC_STRINGS = YES;
				SWIFT_VERSION = 5.0;
				TARGETED_DEVICE_FAMILY = 1;
			};
			name = Debug;
		};
		9FA16B882C78E95B00A83CC6 /* Release */ = {
			isa = XCBuildConfiguration;
			buildSettings = {
				ASSETCATALOG_COMPILER_APPICON_NAME = AppIcon;
				ASSETCATALOG_COMPILER_GLOBAL_ACCENT_COLOR_NAME = AccentColor;
				CODE_SIGN_STYLE = Automatic;
				CURRENT_PROJECT_VERSION = 1;
				DEVELOPMENT_TEAM = 2HX4FTCT29;
				GENERATE_INFOPLIST_FILE = YES;
				INFOPLIST_FILE = RozentalTest/Info.plist;
				INFOPLIST_KEY_UIApplicationSupportsIndirectInputEvents = YES;
				INFOPLIST_KEY_UILaunchStoryboardName = LaunchScreen;
				INFOPLIST_KEY_UISupportedInterfaceOrientations = UIInterfaceOrientationPortrait;
				INFOPLIST_KEY_UISupportedInterfaceOrientations_iPad = "UIInterfaceOrientationLandscapeLeft UIInterfaceOrientationLandscapeRight UIInterfaceOrientationPortrait UIInterfaceOrientationPortraitUpsideDown";
				IPHONEOS_DEPLOYMENT_TARGET = 17.0;
				LD_RUNPATH_SEARCH_PATHS = (
					"$(inherited)",
					"@executable_path/Frameworks",
				);
				MARKETING_VERSION = 1.0;
				PRODUCT_BUNDLE_IDENTIFIER = Kovryzhenko.RozentalTest;
				PRODUCT_NAME = "$(TARGET_NAME)";
				SUPPORTED_PLATFORMS = "iphoneos iphonesimulator";
				SUPPORTS_MACCATALYST = NO;
				SUPPORTS_MAC_DESIGNED_FOR_IPHONE_IPAD = NO;
				SUPPORTS_XR_DESIGNED_FOR_IPHONE_IPAD = NO;
				SWIFT_EMIT_LOC_STRINGS = YES;
				SWIFT_VERSION = 5.0;
				TARGETED_DEVICE_FAMILY = 1;
			};
			name = Release;
		};
/* End XCBuildConfiguration section */

/* Begin XCConfigurationList section */
		9FA16B6D2C78E95900A83CC6 /* Build configuration list for PBXProject "RozentalTest" */ = {
			isa = XCConfigurationList;
			buildConfigurations = (
				9FA16B842C78E95B00A83CC6 /* Debug */,
				9FA16B852C78E95B00A83CC6 /* Release */,
			);
			defaultConfigurationIsVisible = 0;
			defaultConfigurationName = Release;
		};
		9FA16B862C78E95B00A83CC6 /* Build configuration list for PBXNativeTarget "RozentalTest" */ = {
			isa = XCConfigurationList;
			buildConfigurations = (
				9FA16B872C78E95B00A83CC6 /* Debug */,
				9FA16B882C78E95B00A83CC6 /* Release */,
			);
			defaultConfigurationIsVisible = 0;
			defaultConfigurationName = Release;
		};
/* End XCConfigurationList section */
	};
	rootObject = 9FA16B6A2C78E95900A83CC6 /* Project object */;
}
